
Microsoft Visual Studio Solution File, Format Version 12.00
# Visual Studio Version 16
VisualStudioVersion = 16.0.33801.447
MinimumVisualStudioVersion = 10.0.40219.1
Project("{9A19103F-16F7-4668-BE54-9A1E7A4F7556}") = "Aula_14_09_2023", "Aula_14_09_2023\Aula_14_09_2023.csproj", "{12703BD2-6672-482F-9AC4-D754D61A3728}"
EndProject
Project("{9A19103F-16F7-4668-BE54-9A1E7A4F7556}") = "Aula_19_09_2023", "Aula_19_09_2023\Aula_19_09_2023.csproj", "{6B1BE640-FE2E-48AC-9752-029C5414F4FA}"
EndProject
Project("{9A19103F-16F7-4668-BE54-9A1E7A4F7556}") = "Aula_26_09_23", "Aula_26_09_23\Aula_26_09_23.csproj", "{F67A6A07-8618-4623-AD11-5245642DA30B}"
EndProject
Project("{FAE04EC0-301F-11D3-BF4B-00C04F79EFBC}") = "Aula_05_10_23 calculadora", "Aula_05_10_23\Aula_05_10_23 calculadora.csproj", "{D13E3D92-CBD1-4853-A6E6-0F1CE8695581}"
EndProject
Project("{FAE04EC0-301F-11D3-BF4B-00C04F79EFBC}") = "Aula 05_10_23 num10", "Aula 05_10_23 num10\Aula 05_10_23 num10.csproj", "{DDC03722-3A35-46FA-9055-BDBA1C4642D7}"
EndProject
Project("{FAE04EC0-301F-11D3-BF4B-00C04F79EFBC}") = "Aula_05_10_23 salario", "Aula_05_10_23 salario\Aula_05_10_23 salario.csproj", "{EEFBCF59-FD88-4669-BED0-53B06D8CF0F9}"
EndProject
Global
	GlobalSection(SolutionConfigurationPlatforms) = preSolution
		Debug|Any CPU = Debug|Any CPU
		Release|Any CPU = Release|Any CPU
	EndGlobalSection
	GlobalSection(ProjectConfigurationPlatforms) = postSolution
		{12703BD2-6672-482F-9AC4-D754D61A3728}.Debug|Any CPU.ActiveCfg = Debug|Any CPU
		{12703BD2-6672-482F-9AC4-D754D61A3728}.Debug|Any CPU.Build.0 = Debug|Any CPU
		{12703BD2-6672-482F-9AC4-D754D61A3728}.Release|Any CPU.ActiveCfg = Release|Any CPU
		{12703BD2-6672-482F-9AC4-D754D61A3728}.Release|Any CPU.Build.0 = Release|Any CPU
		{6B1BE640-FE2E-48AC-9752-029C5414F4FA}.Debug|Any CPU.ActiveCfg = Debug|Any CPU
		{6B1BE640-FE2E-48AC-9752-029C5414F4FA}.Debug|Any CPU.Build.0 = Debug|Any CPU
		{6B1BE640-FE2E-48AC-9752-029C5414F4FA}.Release|Any CPU.ActiveCfg = Release|Any CPU
		{6B1BE640-FE2E-48AC-9752-029C5414F4FA}.Release|Any CPU.Build.0 = Release|Any CPU
		{F67A6A07-8618-4623-AD11-5245642DA30B}.Debug|Any CPU.ActiveCfg = Debug|Any CPU
		{F67A6A07-8618-4623-AD11-5245642DA30B}.Debug|Any CPU.Build.0 = Debug|Any CPU
		{F67A6A07-8618-4623-AD11-5245642DA30B}.Release|Any CPU.ActiveCfg = Release|Any CPU
		{F67A6A07-8618-4623-AD11-5245642DA30B}.Release|Any CPU.Build.0 = Release|Any CPU
		{D13E3D92-CBD1-4853-A6E6-0F1CE8695581}.Debug|Any CPU.ActiveCfg = Debug|Any CPU
		{D13E3D92-CBD1-4853-A6E6-0F1CE8695581}.Debug|Any CPU.Build.0 = Debug|Any CPU
		{D13E3D92-CBD1-4853-A6E6-0F1CE8695581}.Release|Any CPU.ActiveCfg = Release|Any CPU
		{D13E3D92-CBD1-4853-A6E6-0F1CE8695581}.Release|Any CPU.Build.0 = Release|Any CPU
		{DDC03722-3A35-46FA-9055-BDBA1C4642D7}.Debug|Any CPU.ActiveCfg = Debug|Any CPU
		{DDC03722-3A35-46FA-9055-BDBA1C4642D7}.Debug|Any CPU.Build.0 = Debug|Any CPU
		{DDC03722-3A35-46FA-9055-BDBA1C4642D7}.Release|Any CPU.ActiveCfg = Release|Any CPU
		{DDC03722-3A35-46FA-9055-BDBA1C4642D7}.Release|Any CPU.Build.0 = Release|Any CPU
		{EEFBCF59-FD88-4669-BED0-53B06D8CF0F9}.Debug|Any CPU.ActiveCfg = Debug|Any CPU
		{EEFBCF59-FD88-4669-BED0-53B06D8CF0F9}.Debug|Any CPU.Build.0 = Debug|Any CPU
		{EEFBCF59-FD88-4669-BED0-53B06D8CF0F9}.Release|Any CPU.ActiveCfg = Release|Any CPU
		{EEFBCF59-FD88-4669-BED0-53B06D8CF0F9}.Release|Any CPU.Build.0 = Release|Any CPU
	EndGlobalSection
	GlobalSection(SolutionProperties) = preSolution
		HideSolutionNode = FALSE
	EndGlobalSection
	GlobalSection(ExtensibilityGlobals) = postSolution
		SolutionGuid = {17FD27AF-82BB-43ED-8AA7-EEEC878EDC58}
	EndGlobalSection
EndGlobal
