
Microsoft Visual Studio Solution File, Format Version 12.00
# Visual Studio Version 16
VisualStudioVersion = 16.0.33801.447
MinimumVisualStudioVersion = 10.0.40219.1
Project("{FAE04EC0-301F-11D3-BF4B-00C04F79EFBC}") = "Aula_14_09_2023", "Aula_14_09_2023\Aula_14_09_2023.csproj", "{12703BD2-6672-482F-9AC4-D754D61A3728}"
EndProject
Global
	GlobalSection(SolutionConfigurationPlatforms) = preSolution
		Debug|Any CPU = Debug|Any CPU
		Release|Any CPU = Release|Any CPU
	EndGlobalSection
	GlobalSection(ProjectConfigurationPlatforms) = postSolution
		{12703BD2-6672-482F-9AC4-D754D61A3728}.Debug|Any CPU.ActiveCfg = Debug|Any CPU
		{12703BD2-6672-482F-9AC4-D754D61A3728}.Debug|Any CPU.Build.0 = Debug|Any CPU
		{12703BD2-6672-482F-9AC4-D754D61A3728}.Release|Any CPU.ActiveCfg = Release|Any CPU
		{12703BD2-6672-482F-9AC4-D754D61A3728}.Release|Any CPU.Build.0 = Release|Any CPU
	EndGlobalSection
	GlobalSection(SolutionProperties) = preSolution
		HideSolutionNode = FALSE
	EndGlobalSection
	GlobalSection(ExtensibilityGlobals) = postSolution
		SolutionGuid = {17FD27AF-82BB-43ED-8AA7-EEEC878EDC58}
	EndGlobalSection
EndGlobal
