
Microsoft Visual Studio Solution File, Format Version 12.00
# Visual Studio Version 16
VisualStudioVersion = 16.0.33801.447
MinimumVisualStudioVersion = 10.0.40219.1
Project("{9A19103F-16F7-4668-BE54-9A1E7A4F7556}") = "Aula_14_09_2023", "Aula_14_09_2023\Aula_14_09_2023.csproj", "{12703BD2-6672-482F-9AC4-D754D61A3728}"
EndProject
Project("{9A19103F-16F7-4668-BE54-9A1E7A4F7556}") = "Aula_19_09_2023", "Aula_19_09_2023\Aula_19_09_2023.csproj", "{6B1BE640-FE2E-48AC-9752-029C5414F4FA}"
EndProject
Project("{9A19103F-16F7-4668-BE54-9A1E7A4F7556}") = "Aula_26_09_23", "Aula_26_09_23\Aula_26_09_23.csproj", "{F67A6A07-8618-4623-AD11-5245642DA30B}"
EndProject
Project("{9A19103F-16F7-4668-BE54-9A1E7A4F7556}") = "Aula_05_10_23 calculadora", "Aula_05_10_23\Aula_05_10_23 calculadora.csproj", "{D13E3D92-CBD1-4853-A6E6-0F1CE8695581}"
EndProject
Project("{9A19103F-16F7-4668-BE54-9A1E7A4F7556}") = "Aula 05_10_23 num10", "Aula 05_10_23 num10\Aula 05_10_23 num10.csproj", "{DDC03722-3A35-46FA-9055-BDBA1C4642D7}"
EndProject
Project("{9A19103F-16F7-4668-BE54-9A1E7A4F7556}") = "Aula_05_10_23 salario", "Aula_05_10_23 salario\Aula_05_10_23 salario.csproj", "{EEFBCF59-FD88-4669-BED0-53B06D8CF0F9}"
EndProject
Project("{9A19103F-16F7-4668-BE54-9A1E7A4F7556}") = "Aula_17_10_23", "Aula_17_08_23\Aula_17_10_23.csproj", "{086417FC-8C11-4A84-8FD6-EC5D4BD0EAEE}"
EndProject
Project("{9A19103F-16F7-4668-BE54-9A1E7A4F7556}") = "Aula_19_10_23_While", "Aula_19_10_23\Aula_19_10_23_While.csproj", "{2259639F-8EDC-491A-91E9-B153D12AE100}"
EndProject
Project("{9A19103F-16F7-4668-BE54-9A1E7A4F7556}") = "Aula_19_10_23_While_Ex02", "Aula_19_10_23_While_Ex02\Aula_19_10_23_While_Ex02.csproj", "{43E646FB-F937-436B-9743-7B7B16042FAF}"
EndProject
Project("{9A19103F-16F7-4668-BE54-9A1E7A4F7556}") = "Aula_19_10_23_While_Ex03", "Aula_19_10_23_While_Ex03\Aula_19_10_23_While_Ex03.csproj", "{77231B2B-D72E-4539-8804-A5A4BDBC0AFB}"
EndProject
Project("{9A19103F-16F7-4668-BE54-9A1E7A4F7556}") = "Aula_26_10_23_do_while_ Ex01", "Aula_26_10_23 Ex01\Aula_26_10_23_do_while_ Ex01.csproj", "{E55E37BD-AB45-45C5-B159-3FF964B376E1}"
EndProject
Project("{9A19103F-16F7-4668-BE54-9A1E7A4F7556}") = "Aula_26_10_23_Ex_Parcelas", "Aula_26_10_23_Ex02\Aula_26_10_23_Ex_Parcelas.csproj", "{8DEDD524-1651-4D5C-8953-7912B2267906}"
EndProject
Project("{9A19103F-16F7-4668-BE54-9A1E7A4F7556}") = "Aula_07_11_23_Ex01 FOR", "Aula_07_11_23_Ex01 FOR\Aula_07_11_23_Ex01 FOR.csproj", "{661591ED-EEC5-4D99-BAF3-D701296BFB80}"
EndProject
Project("{9A19103F-16F7-4668-BE54-9A1E7A4F7556}") = "Aula_07_11_23_Ex02 FOR", "Aula_07_11_23_Ex02 FOR\Aula_07_11_23_Ex02 FOR.csproj", "{4BBFBA44-671B-4561-B4DA-0F53C2E52865}"
EndProject
Project("{9A19103F-16F7-4668-BE54-9A1E7A4F7556}") = "Aula_07_11_23 Ex03 num Par_Impar", "Aula_07_11_23 Ex03 num Par_Impar\Aula_07_11_23 Ex03 num Par_Impar.csproj", "{69038234-439C-4842-8E72-91944FFF50BE}"
EndProject
Project("{9A19103F-16F7-4668-BE54-9A1E7A4F7556}") = "Aula_09_11_23_Ex01", "Aula_09_11_23_Ex01\Aula_09_11_23_Ex01.csproj", "{1AFA30FB-0EBC-459F-88C8-3B0E5B5138A0}"
EndProject
Project("{9A19103F-16F7-4668-BE54-9A1E7A4F7556}") = "Aula_14_11_23 Ex01 SUBTRAÇÃO", "Aula_14_11_23 Ex01 SUBTRAÇÃO\Aula_14_11_23 Ex01 SUBTRAÇÃO.csproj", "{D2F12173-2548-4BC6-A57D-88E1D5EEC24A}"
EndProject
Project("{9A19103F-16F7-4668-BE54-9A1E7A4F7556}") = "Aula_14_11_23 Ex02 NUMEROS IMPAR ATE N", "Aula_14_11_23 Ex02 NUMEROS IMPAR ATE N\Aula_14_11_23 Ex02 NUMEROS IMPAR ATE N.csproj", "{AB131BFD-52BE-4352-A23D-0D0AFB887A6E}"
EndProject
Project("{FAE04EC0-301F-11D3-BF4B-00C04F79EFBC}") = "Aula_16_11_23_ex_add", "Aula_16_11_23_ex_add\Aula_16_11_23_ex_add.csproj", "{AA96F08E-3D7D-4C0F-AFB9-5775E522522B}"
EndProject
Global
	GlobalSection(SolutionConfigurationPlatforms) = preSolution
		Debug|Any CPU = Debug|Any CPU
		Release|Any CPU = Release|Any CPU
	EndGlobalSection
	GlobalSection(ProjectConfigurationPlatforms) = postSolution
		{12703BD2-6672-482F-9AC4-D754D61A3728}.Debug|Any CPU.ActiveCfg = Debug|Any CPU
		{12703BD2-6672-482F-9AC4-D754D61A3728}.Debug|Any CPU.Build.0 = Debug|Any CPU
		{12703BD2-6672-482F-9AC4-D754D61A3728}.Release|Any CPU.ActiveCfg = Release|Any CPU
		{12703BD2-6672-482F-9AC4-D754D61A3728}.Release|Any CPU.Build.0 = Release|Any CPU
		{6B1BE640-FE2E-48AC-9752-029C5414F4FA}.Debug|Any CPU.ActiveCfg = Debug|Any CPU
		{6B1BE640-FE2E-48AC-9752-029C5414F4FA}.Debug|Any CPU.Build.0 = Debug|Any CPU
		{6B1BE640-FE2E-48AC-9752-029C5414F4FA}.Release|Any CPU.ActiveCfg = Release|Any CPU
		{6B1BE640-FE2E-48AC-9752-029C5414F4FA}.Release|Any CPU.Build.0 = Release|Any CPU
		{F67A6A07-8618-4623-AD11-5245642DA30B}.Debug|Any CPU.ActiveCfg = Debug|Any CPU
		{F67A6A07-8618-4623-AD11-5245642DA30B}.Debug|Any CPU.Build.0 = Debug|Any CPU
		{F67A6A07-8618-4623-AD11-5245642DA30B}.Release|Any CPU.ActiveCfg = Release|Any CPU
		{F67A6A07-8618-4623-AD11-5245642DA30B}.Release|Any CPU.Build.0 = Release|Any CPU
		{D13E3D92-CBD1-4853-A6E6-0F1CE8695581}.Debug|Any CPU.ActiveCfg = Debug|Any CPU
		{D13E3D92-CBD1-4853-A6E6-0F1CE8695581}.Debug|Any CPU.Build.0 = Debug|Any CPU
		{D13E3D92-CBD1-4853-A6E6-0F1CE8695581}.Release|Any CPU.ActiveCfg = Release|Any CPU
		{D13E3D92-CBD1-4853-A6E6-0F1CE8695581}.Release|Any CPU.Build.0 = Release|Any CPU
		{DDC03722-3A35-46FA-9055-BDBA1C4642D7}.Debug|Any CPU.ActiveCfg = Debug|Any CPU
		{DDC03722-3A35-46FA-9055-BDBA1C4642D7}.Debug|Any CPU.Build.0 = Debug|Any CPU
		{DDC03722-3A35-46FA-9055-BDBA1C4642D7}.Release|Any CPU.ActiveCfg = Release|Any CPU
		{DDC03722-3A35-46FA-9055-BDBA1C4642D7}.Release|Any CPU.Build.0 = Release|Any CPU
		{EEFBCF59-FD88-4669-BED0-53B06D8CF0F9}.Debug|Any CPU.ActiveCfg = Debug|Any CPU
		{EEFBCF59-FD88-4669-BED0-53B06D8CF0F9}.Debug|Any CPU.Build.0 = Debug|Any CPU
		{EEFBCF59-FD88-4669-BED0-53B06D8CF0F9}.Release|Any CPU.ActiveCfg = Release|Any CPU
		{EEFBCF59-FD88-4669-BED0-53B06D8CF0F9}.Release|Any CPU.Build.0 = Release|Any CPU
		{086417FC-8C11-4A84-8FD6-EC5D4BD0EAEE}.Debug|Any CPU.ActiveCfg = Debug|Any CPU
		{086417FC-8C11-4A84-8FD6-EC5D4BD0EAEE}.Debug|Any CPU.Build.0 = Debug|Any CPU
		{086417FC-8C11-4A84-8FD6-EC5D4BD0EAEE}.Release|Any CPU.ActiveCfg = Release|Any CPU
		{086417FC-8C11-4A84-8FD6-EC5D4BD0EAEE}.Release|Any CPU.Build.0 = Release|Any CPU
		{2259639F-8EDC-491A-91E9-B153D12AE100}.Debug|Any CPU.ActiveCfg = Debug|Any CPU
		{2259639F-8EDC-491A-91E9-B153D12AE100}.Debug|Any CPU.Build.0 = Debug|Any CPU
		{2259639F-8EDC-491A-91E9-B153D12AE100}.Release|Any CPU.ActiveCfg = Release|Any CPU
		{2259639F-8EDC-491A-91E9-B153D12AE100}.Release|Any CPU.Build.0 = Release|Any CPU
		{43E646FB-F937-436B-9743-7B7B16042FAF}.Debug|Any CPU.ActiveCfg = Debug|Any CPU
		{43E646FB-F937-436B-9743-7B7B16042FAF}.Debug|Any CPU.Build.0 = Debug|Any CPU
		{43E646FB-F937-436B-9743-7B7B16042FAF}.Release|Any CPU.ActiveCfg = Release|Any CPU
		{43E646FB-F937-436B-9743-7B7B16042FAF}.Release|Any CPU.Build.0 = Release|Any CPU
		{77231B2B-D72E-4539-8804-A5A4BDBC0AFB}.Debug|Any CPU.ActiveCfg = Debug|Any CPU
		{77231B2B-D72E-4539-8804-A5A4BDBC0AFB}.Debug|Any CPU.Build.0 = Debug|Any CPU
		{77231B2B-D72E-4539-8804-A5A4BDBC0AFB}.Release|Any CPU.ActiveCfg = Release|Any CPU
		{77231B2B-D72E-4539-8804-A5A4BDBC0AFB}.Release|Any CPU.Build.0 = Release|Any CPU
		{E55E37BD-AB45-45C5-B159-3FF964B376E1}.Debug|Any CPU.ActiveCfg = Debug|Any CPU
		{E55E37BD-AB45-45C5-B159-3FF964B376E1}.Debug|Any CPU.Build.0 = Debug|Any CPU
		{E55E37BD-AB45-45C5-B159-3FF964B376E1}.Release|Any CPU.ActiveCfg = Release|Any CPU
		{E55E37BD-AB45-45C5-B159-3FF964B376E1}.Release|Any CPU.Build.0 = Release|Any CPU
		{8DEDD524-1651-4D5C-8953-7912B2267906}.Debug|Any CPU.ActiveCfg = Debug|Any CPU
		{8DEDD524-1651-4D5C-8953-7912B2267906}.Debug|Any CPU.Build.0 = Debug|Any CPU
		{8DEDD524-1651-4D5C-8953-7912B2267906}.Release|Any CPU.ActiveCfg = Release|Any CPU
		{8DEDD524-1651-4D5C-8953-7912B2267906}.Release|Any CPU.Build.0 = Release|Any CPU
		{661591ED-EEC5-4D99-BAF3-D701296BFB80}.Debug|Any CPU.ActiveCfg = Debug|Any CPU
		{661591ED-EEC5-4D99-BAF3-D701296BFB80}.Debug|Any CPU.Build.0 = Debug|Any CPU
		{661591ED-EEC5-4D99-BAF3-D701296BFB80}.Release|Any CPU.ActiveCfg = Release|Any CPU
		{661591ED-EEC5-4D99-BAF3-D701296BFB80}.Release|Any CPU.Build.0 = Release|Any CPU
		{4BBFBA44-671B-4561-B4DA-0F53C2E52865}.Debug|Any CPU.ActiveCfg = Debug|Any CPU
		{4BBFBA44-671B-4561-B4DA-0F53C2E52865}.Debug|Any CPU.Build.0 = Debug|Any CPU
		{4BBFBA44-671B-4561-B4DA-0F53C2E52865}.Release|Any CPU.ActiveCfg = Release|Any CPU
		{4BBFBA44-671B-4561-B4DA-0F53C2E52865}.Release|Any CPU.Build.0 = Release|Any CPU
		{69038234-439C-4842-8E72-91944FFF50BE}.Debug|Any CPU.ActiveCfg = Debug|Any CPU
		{69038234-439C-4842-8E72-91944FFF50BE}.Debug|Any CPU.Build.0 = Debug|Any CPU
		{69038234-439C-4842-8E72-91944FFF50BE}.Release|Any CPU.ActiveCfg = Release|Any CPU
		{69038234-439C-4842-8E72-91944FFF50BE}.Release|Any CPU.Build.0 = Release|Any CPU
		{1AFA30FB-0EBC-459F-88C8-3B0E5B5138A0}.Debug|Any CPU.ActiveCfg = Debug|Any CPU
		{1AFA30FB-0EBC-459F-88C8-3B0E5B5138A0}.Debug|Any CPU.Build.0 = Debug|Any CPU
		{1AFA30FB-0EBC-459F-88C8-3B0E5B5138A0}.Release|Any CPU.ActiveCfg = Release|Any CPU
		{1AFA30FB-0EBC-459F-88C8-3B0E5B5138A0}.Release|Any CPU.Build.0 = Release|Any CPU
		{D2F12173-2548-4BC6-A57D-88E1D5EEC24A}.Debug|Any CPU.ActiveCfg = Debug|Any CPU
		{D2F12173-2548-4BC6-A57D-88E1D5EEC24A}.Debug|Any CPU.Build.0 = Debug|Any CPU
		{D2F12173-2548-4BC6-A57D-88E1D5EEC24A}.Release|Any CPU.ActiveCfg = Release|Any CPU
		{D2F12173-2548-4BC6-A57D-88E1D5EEC24A}.Release|Any CPU.Build.0 = Release|Any CPU
		{AB131BFD-52BE-4352-A23D-0D0AFB887A6E}.Debug|Any CPU.ActiveCfg = Debug|Any CPU
		{AB131BFD-52BE-4352-A23D-0D0AFB887A6E}.Debug|Any CPU.Build.0 = Debug|Any CPU
		{AB131BFD-52BE-4352-A23D-0D0AFB887A6E}.Release|Any CPU.ActiveCfg = Release|Any CPU
		{AB131BFD-52BE-4352-A23D-0D0AFB887A6E}.Release|Any CPU.Build.0 = Release|Any CPU
		{AA96F08E-3D7D-4C0F-AFB9-5775E522522B}.Debug|Any CPU.ActiveCfg = Debug|Any CPU
		{AA96F08E-3D7D-4C0F-AFB9-5775E522522B}.Debug|Any CPU.Build.0 = Debug|Any CPU
		{AA96F08E-3D7D-4C0F-AFB9-5775E522522B}.Release|Any CPU.ActiveCfg = Release|Any CPU
		{AA96F08E-3D7D-4C0F-AFB9-5775E522522B}.Release|Any CPU.Build.0 = Release|Any CPU
	EndGlobalSection
	GlobalSection(SolutionProperties) = preSolution
		HideSolutionNode = FALSE
	EndGlobalSection
	GlobalSection(ExtensibilityGlobals) = postSolution
		SolutionGuid = {17FD27AF-82BB-43ED-8AA7-EEEC878EDC58}
	EndGlobalSection
EndGlobal
